
Microsoft Visual Studio Solution File, Format Version 12.00
# Visual Studio Version 17
VisualStudioVersion = 17.11.35219.272
MinimumVisualStudioVersion = 10.0.40219.1
Project("{9A19103F-16F7-4668-BE54-9A1E7A4F7556}") = "MineSharp", "MineSharp\MineSharp.csproj", "{8F8835DA-6D16-454A-80BF-15497B3C902D}"
EndProject
Project("{9A19103F-16F7-4668-BE54-9A1E7A4F7556}") = "Monogame.ImGuiNet", "MonoGame.ImGuiNet\Monogame.ImGuiNet.csproj", "{38620471-6D7F-493C-B83E-44A1513464F5}"
EndProject
Global
	GlobalSection(SolutionConfigurationPlatforms) = preSolution
		Debug|Any CPU = Debug|Any CPU
		Release|Any CPU = Release|Any CPU
	EndGlobalSection
	GlobalSection(ProjectConfigurationPlatforms) = postSolution
		{8F8835DA-6D16-454A-80BF-15497B3C902D}.Debug|Any CPU.ActiveCfg = Debug|Any CPU
		{8F8835DA-6D16-454A-80BF-15497B3C902D}.Debug|Any CPU.Build.0 = Debug|Any CPU
		{8F8835DA-6D16-454A-80BF-15497B3C902D}.Release|Any CPU.ActiveCfg = Release|Any CPU
		{8F8835DA-6D16-454A-80BF-15497B3C902D}.Release|Any CPU.Build.0 = Release|Any CPU
		{38620471-6D7F-493C-B83E-44A1513464F5}.Debug|Any CPU.ActiveCfg = Debug|Any CPU
		{38620471-6D7F-493C-B83E-44A1513464F5}.Debug|Any CPU.Build.0 = Debug|Any CPU
		{38620471-6D7F-493C-B83E-44A1513464F5}.Release|Any CPU.ActiveCfg = Release|Any CPU
		{38620471-6D7F-493C-B83E-44A1513464F5}.Release|Any CPU.Build.0 = Release|Any CPU
	EndGlobalSection
	GlobalSection(SolutionProperties) = preSolution
		HideSolutionNode = FALSE
	EndGlobalSection
	GlobalSection(ExtensibilityGlobals) = postSolution
		SolutionGuid = {285D77DB-D6E5-4467-9289-4233D1ADAD9A}
	EndGlobalSection
EndGlobal
